
Microsoft Visual Studio Solution File, Format Version 12.00
# Visual Studio Version 16
VisualStudioVersion = 16.0.29926.136
MinimumVisualStudioVersion = 10.0.40219.1
Project("{9A19103F-16F7-4668-BE54-9A1E7A4F7556}") = "Test1", "Test1\Test1.csproj", "{101CAA50-BFBD-4F68-A8EC-D0AD8986FAC8}"
EndProject
Project("{FAE04EC0-301F-11D3-BF4B-00C04F79EFBC}") = "POPServer", "POPServer\POPServer.csproj", "{9A129290-0DE0-4D15-817D-6B2029597C0F}"
EndProject
Project("{FAE04EC0-301F-11D3-BF4B-00C04F79EFBC}") = "IMAPServer", "IMAPServer\IMAPServer.csproj", "{72275B63-217D-4E07-AD0D-B54CEE65F46A}"
EndProject
Global
	GlobalSection(SolutionConfigurationPlatforms) = preSolution
		Debug|Any CPU = Debug|Any CPU
		Release|Any CPU = Release|Any CPU
	EndGlobalSection
	GlobalSection(ProjectConfigurationPlatforms) = postSolution
		{101CAA50-BFBD-4F68-A8EC-D0AD8986FAC8}.Debug|Any CPU.ActiveCfg = Debug|Any CPU
		{101CAA50-BFBD-4F68-A8EC-D0AD8986FAC8}.Debug|Any CPU.Build.0 = Debug|Any CPU
		{101CAA50-BFBD-4F68-A8EC-D0AD8986FAC8}.Release|Any CPU.ActiveCfg = Release|Any CPU
		{101CAA50-BFBD-4F68-A8EC-D0AD8986FAC8}.Release|Any CPU.Build.0 = Release|Any CPU
		{9A129290-0DE0-4D15-817D-6B2029597C0F}.Debug|Any CPU.ActiveCfg = Debug|Any CPU
		{9A129290-0DE0-4D15-817D-6B2029597C0F}.Debug|Any CPU.Build.0 = Debug|Any CPU
		{9A129290-0DE0-4D15-817D-6B2029597C0F}.Release|Any CPU.ActiveCfg = Release|Any CPU
		{9A129290-0DE0-4D15-817D-6B2029597C0F}.Release|Any CPU.Build.0 = Release|Any CPU
		{72275B63-217D-4E07-AD0D-B54CEE65F46A}.Debug|Any CPU.ActiveCfg = Debug|Any CPU
		{72275B63-217D-4E07-AD0D-B54CEE65F46A}.Debug|Any CPU.Build.0 = Debug|Any CPU
		{72275B63-217D-4E07-AD0D-B54CEE65F46A}.Release|Any CPU.ActiveCfg = Release|Any CPU
		{72275B63-217D-4E07-AD0D-B54CEE65F46A}.Release|Any CPU.Build.0 = Release|Any CPU
	EndGlobalSection
	GlobalSection(SolutionProperties) = preSolution
		HideSolutionNode = FALSE
	EndGlobalSection
	GlobalSection(ExtensibilityGlobals) = postSolution
		SolutionGuid = {E249A4D0-1B13-4031-906E-039E01B45263}
	EndGlobalSection
EndGlobal
